
Microsoft Visual Studio Solution File, Format Version 12.00
# Visual Studio Version 16
VisualStudioVersion = 16.0.30523.141
MinimumVisualStudioVersion = 10.0.40219.1
Project("{9A19103F-16F7-4668-BE54-9A1E7A4F7556}") = "TalkEcommerce", "TalkEcommerce.Application\TalkEcommerce.csproj", "{618C766F-90BA-476B-94AD-7C998B48EC83}"
EndProject
Project("{FAE04EC0-301F-11D3-BF4B-00C04F79EFBC}") = "TalkECommerce.UnitTests", "TalkECommerce.UnitTests\TalkECommerce.UnitTests.csproj", "{4D1FF53F-A5A6-4E26-A754-E0526B59E291}"
EndProject
Global
	GlobalSection(SolutionConfigurationPlatforms) = preSolution
		Debug|Any CPU = Debug|Any CPU
		Release|Any CPU = Release|Any CPU
	EndGlobalSection
	GlobalSection(ProjectConfigurationPlatforms) = postSolution
		{618C766F-90BA-476B-94AD-7C998B48EC83}.Debug|Any CPU.ActiveCfg = Debug|Any CPU
		{618C766F-90BA-476B-94AD-7C998B48EC83}.Debug|Any CPU.Build.0 = Debug|Any CPU
		{618C766F-90BA-476B-94AD-7C998B48EC83}.Release|Any CPU.ActiveCfg = Release|Any CPU
		{618C766F-90BA-476B-94AD-7C998B48EC83}.Release|Any CPU.Build.0 = Release|Any CPU
		{4D1FF53F-A5A6-4E26-A754-E0526B59E291}.Debug|Any CPU.ActiveCfg = Debug|Any CPU
		{4D1FF53F-A5A6-4E26-A754-E0526B59E291}.Debug|Any CPU.Build.0 = Debug|Any CPU
		{4D1FF53F-A5A6-4E26-A754-E0526B59E291}.Release|Any CPU.ActiveCfg = Release|Any CPU
		{4D1FF53F-A5A6-4E26-A754-E0526B59E291}.Release|Any CPU.Build.0 = Release|Any CPU
	EndGlobalSection
	GlobalSection(SolutionProperties) = preSolution
		HideSolutionNode = FALSE
	EndGlobalSection
	GlobalSection(ExtensibilityGlobals) = postSolution
		SolutionGuid = {A7A78C8D-4D6E-4A97-936A-C5C7174DFA0B}
	EndGlobalSection
EndGlobal
